// !$*UTF8*$!
{
	archiveVersion = 1;
	classes = {
	};
	objectVersion = 55;
	objects = {

/* Begin PBXBuildFile section */
		4915953F28002D7A0029D8C7 /* coords.json in Resources */ = {isa = PBXBuildFile; fileRef = 4915953E28002D7A0029D8C7 /* coords.json */; };
		49479CAE2806FA510088A097 /* Frame.swift in Sources */ = {isa = PBXBuildFile; fileRef = 49479CAD2806FA510088A097 /* Frame.swift */; };
		49479CB02806FCF40088A097 /* FrameStore.swift in Sources */ = {isa = PBXBuildFile; fileRef = 49479CAF2806FCF40088A097 /* FrameStore.swift */; };
		4958B3EB280F4976007B4F46 /* PixelDataStore.swift in Sources */ = {isa = PBXBuildFile; fileRef = 4958B3EA280F4976007B4F46 /* PixelDataStore.swift */; };
		4960719027FF2A7A004B6E7E /* FrameEditor.swift in Sources */ = {isa = PBXBuildFile; fileRef = 4960718F27FF2A7A004B6E7E /* FrameEditor.swift */; };
		4960719227FF2B75004B6E7E /* PixelFux.swift in Sources */ = {isa = PBXBuildFile; fileRef = 4960719127FF2B75004B6E7E /* PixelFux.swift */; };
		4960719427FF2B9D004B6E7E /* FrameEditorToolbar.swift in Sources */ = {isa = PBXBuildFile; fileRef = 4960719327FF2B9D004B6E7E /* FrameEditorToolbar.swift */; };
		4960719627FF9041004B6E7E /* PixelData.swift in Sources */ = {isa = PBXBuildFile; fileRef = 4960719527FF9041004B6E7E /* PixelData.swift */; };
		49C731F727F23A2E00CDB50A /* iFuxApp.swift in Sources */ = {isa = PBXBuildFile; fileRef = 49C731F627F23A2E00CDB50A /* iFuxApp.swift */; };
		49C731F927F23A2E00CDB50A /* ContentView.swift in Sources */ = {isa = PBXBuildFile; fileRef = 49C731F827F23A2E00CDB50A /* ContentView.swift */; };
		49C731FB27F23A3000CDB50A /* Assets.xcassets in Resources */ = {isa = PBXBuildFile; fileRef = 49C731FA27F23A3000CDB50A /* Assets.xcassets */; };
		49C731FE27F23A3000CDB50A /* Preview Assets.xcassets in Resources */ = {isa = PBXBuildFile; fileRef = 49C731FD27F23A3000CDB50A /* Preview Assets.xcassets */; };
/* End PBXBuildFile section */

/* Begin PBXFileReference section */
		4915953E28002D7A0029D8C7 /* coords.json */ = {isa = PBXFileReference; fileEncoding = 4; lastKnownFileType = text.json; name = coords.json; path = ../../../assets/coords.json; sourceTree = "<group>"; };
		49479CAD2806FA510088A097 /* Frame.swift */ = {isa = PBXFileReference; lastKnownFileType = sourcecode.swift; path = Frame.swift; sourceTree = "<group>"; };
		49479CAF2806FCF40088A097 /* FrameStore.swift */ = {isa = PBXFileReference; lastKnownFileType = sourcecode.swift; path = FrameStore.swift; sourceTree = "<group>"; };
		4958B3EA280F4976007B4F46 /* PixelDataStore.swift */ = {isa = PBXFileReference; lastKnownFileType = sourcecode.swift; path = PixelDataStore.swift; sourceTree = "<group>"; };
		495BD93627FDE3AE006272AB /* Info.plist */ = {isa = PBXFileReference; lastKnownFileType = text.plist; path = Info.plist; sourceTree = "<group>"; };
		4960718F27FF2A7A004B6E7E /* FrameEditor.swift */ = {isa = PBXFileReference; lastKnownFileType = sourcecode.swift; path = FrameEditor.swift; sourceTree = "<group>"; };
		4960719127FF2B75004B6E7E /* PixelFux.swift */ = {isa = PBXFileReference; lastKnownFileType = sourcecode.swift; path = PixelFux.swift; sourceTree = "<group>"; };
		4960719327FF2B9D004B6E7E /* FrameEditorToolbar.swift */ = {isa = PBXFileReference; lastKnownFileType = sourcecode.swift; path = FrameEditorToolbar.swift; sourceTree = "<group>"; };
		4960719527FF9041004B6E7E /* PixelData.swift */ = {isa = PBXFileReference; lastKnownFileType = sourcecode.swift; path = PixelData.swift; sourceTree = "<group>"; };
		49C731F327F23A2E00CDB50A /* iFux.app */ = {isa = PBXFileReference; explicitFileType = wrapper.application; includeInIndex = 0; path = iFux.app; sourceTree = BUILT_PRODUCTS_DIR; };
		49C731F627F23A2E00CDB50A /* iFuxApp.swift */ = {isa = PBXFileReference; lastKnownFileType = sourcecode.swift; path = iFuxApp.swift; sourceTree = "<group>"; };
		49C731F827F23A2E00CDB50A /* ContentView.swift */ = {isa = PBXFileReference; lastKnownFileType = sourcecode.swift; path = ContentView.swift; sourceTree = "<group>"; };
		49C731FA27F23A3000CDB50A /* Assets.xcassets */ = {isa = PBXFileReference; lastKnownFileType = folder.assetcatalog; path = Assets.xcassets; sourceTree = "<group>"; };
		49C731FD27F23A3000CDB50A /* Preview Assets.xcassets */ = {isa = PBXFileReference; lastKnownFileType = folder.assetcatalog; path = "Preview Assets.xcassets"; sourceTree = "<group>"; };
/* End PBXFileReference section */

/* Begin PBXFrameworksBuildPhase section */
		49C731F027F23A2E00CDB50A /* Frameworks */ = {
			isa = PBXFrameworksBuildPhase;
			buildActionMask = 2147483647;
			files = (
			);
			runOnlyForDeploymentPostprocessing = 0;
		};
/* End PBXFrameworksBuildPhase section */

/* Begin PBXGroup section */
		4915953D28002D5A0029D8C7 /* Data */ = {
			isa = PBXGroup;
			children = (
				4915953E28002D7A0029D8C7 /* coords.json */,
			);
			path = Data;
			sourceTree = "<group>";
		};
		49C731EA27F23A2E00CDB50A = {
			isa = PBXGroup;
			children = (
				49C731F527F23A2E00CDB50A /* iFux */,
				49C731F427F23A2E00CDB50A /* Products */,
			);
			sourceTree = "<group>";
		};
		49C731F427F23A2E00CDB50A /* Products */ = {
			isa = PBXGroup;
			children = (
				49C731F327F23A2E00CDB50A /* iFux.app */,
			);
			name = Products;
			sourceTree = "<group>";
		};
		49C731F527F23A2E00CDB50A /* iFux */ = {
			isa = PBXGroup;
			children = (
				4915953D28002D5A0029D8C7 /* Data */,
				495BD93627FDE3AE006272AB /* Info.plist */,
				49C7320727F23D8500CDB50A /* Models */,
				49C7320427F23A5600CDB50A /* Views */,
				49C731F627F23A2E00CDB50A /* iFuxApp.swift */,
				49C731F827F23A2E00CDB50A /* ContentView.swift */,
				49C731FA27F23A3000CDB50A /* Assets.xcassets */,
				49C731FC27F23A3000CDB50A /* Preview Content */,
			);
			path = iFux;
			sourceTree = "<group>";
		};
		49C731FC27F23A3000CDB50A /* Preview Content */ = {
			isa = PBXGroup;
			children = (
				49C731FD27F23A3000CDB50A /* Preview Assets.xcassets */,
			);
			path = "Preview Content";
			sourceTree = "<group>";
		};
		49C7320427F23A5600CDB50A /* Views */ = {
			isa = PBXGroup;
			children = (
				4960719127FF2B75004B6E7E /* PixelFux.swift */,
				4960718F27FF2A7A004B6E7E /* FrameEditor.swift */,
				4960719327FF2B9D004B6E7E /* FrameEditorToolbar.swift */,
			);
			path = Views;
			sourceTree = "<group>";
		};
		49C7320727F23D8500CDB50A /* Models */ = {
			isa = PBXGroup;
			children = (
				49479CAD2806FA510088A097 /* Frame.swift */,
				49479CAF2806FCF40088A097 /* FrameStore.swift */,
				4960719527FF9041004B6E7E /* PixelData.swift */,
				4958B3EA280F4976007B4F46 /* PixelDataStore.swift */,
			);
			path = Models;
			sourceTree = "<group>";
		};
/* End PBXGroup section */

/* Begin PBXNativeTarget section */
		49C731F227F23A2E00CDB50A /* iFux */ = {
			isa = PBXNativeTarget;
			buildConfigurationList = 49C7320127F23A3000CDB50A /* Build configuration list for PBXNativeTarget "iFux" */;
			buildPhases = (
				49C731EF27F23A2E00CDB50A /* Sources */,
				49C731F027F23A2E00CDB50A /* Frameworks */,
				49C731F127F23A2E00CDB50A /* Resources */,
			);
			buildRules = (
			);
			dependencies = (
			);
			name = iFux;
			productName = iFux;
			productReference = 49C731F327F23A2E00CDB50A /* iFux.app */;
			productType = "com.apple.product-type.application";
		};
/* End PBXNativeTarget section */

/* Begin PBXProject section */
		49C731EB27F23A2E00CDB50A /* Project object */ = {
			isa = PBXProject;
			attributes = {
				BuildIndependentTargetsInParallel = 1;
				LastSwiftUpdateCheck = 1320;
				LastUpgradeCheck = 1320;
				TargetAttributes = {
					49C731F227F23A2E00CDB50A = {
						CreatedOnToolsVersion = 13.2.1;
					};
				};
			};
			buildConfigurationList = 49C731EE27F23A2E00CDB50A /* Build configuration list for PBXProject "iFux" */;
			compatibilityVersion = "Xcode 13.0";
			developmentRegion = en;
			hasScannedForEncodings = 0;
			knownRegions = (
				en,
				Base,
			);
			mainGroup = 49C731EA27F23A2E00CDB50A;
			productRefGroup = 49C731F427F23A2E00CDB50A /* Products */;
			projectDirPath = "";
			projectRoot = "";
			targets = (
				49C731F227F23A2E00CDB50A /* iFux */,
			);
		};
/* End PBXProject section */

/* Begin PBXResourcesBuildPhase section */
		49C731F127F23A2E00CDB50A /* Resources */ = {
			isa = PBXResourcesBuildPhase;
			buildActionMask = 2147483647;
			files = (
				49C731FE27F23A3000CDB50A /* Preview Assets.xcassets in Resources */,
				4915953F28002D7A0029D8C7 /* coords.json in Resources */,
				49C731FB27F23A3000CDB50A /* Assets.xcassets in Resources */,
			);
			runOnlyForDeploymentPostprocessing = 0;
		};
/* End PBXResourcesBuildPhase section */

/* Begin PBXSourcesBuildPhase section */
		49C731EF27F23A2E00CDB50A /* Sources */ = {
			isa = PBXSourcesBuildPhase;
			buildActionMask = 2147483647;
			files = (
				4960719627FF9041004B6E7E /* PixelData.swift in Sources */,
				49479CAE2806FA510088A097 /* Frame.swift in Sources */,
				4960719427FF2B9D004B6E7E /* FrameEditorToolbar.swift in Sources */,
				49479CB02806FCF40088A097 /* FrameStore.swift in Sources */,
				49C731F927F23A2E00CDB50A /* ContentView.swift in Sources */,
				4960719027FF2A7A004B6E7E /* FrameEditor.swift in Sources */,
				4960719227FF2B75004B6E7E /* PixelFux.swift in Sources */,
				4958B3EB280F4976007B4F46 /* PixelDataStore.swift in Sources */,
				49C731F727F23A2E00CDB50A /* iFuxApp.swift in Sources */,
			);
			runOnlyForDeploymentPostprocessing = 0;
		};
/* End PBXSourcesBuildPhase section */

/* Begin XCBuildConfiguration section */
		49C731FF27F23A3000CDB50A /* Debug */ = {
			isa = XCBuildConfiguration;
			buildSettings = {
				ALWAYS_SEARCH_USER_PATHS = NO;
				CLANG_ANALYZER_NONNULL = YES;
				CLANG_ANALYZER_NUMBER_OBJECT_CONVERSION = YES_AGGRESSIVE;
				CLANG_CXX_LANGUAGE_STANDARD = "gnu++17";
				CLANG_CXX_LIBRARY = "libc++";
				CLANG_ENABLE_MODULES = YES;
				CLANG_ENABLE_OBJC_ARC = YES;
				CLANG_ENABLE_OBJC_WEAK = YES;
				CLANG_WARN_BLOCK_CAPTURE_AUTORELEASING = YES;
				CLANG_WARN_BOOL_CONVERSION = YES;
				CLANG_WARN_COMMA = YES;
				CLANG_WARN_CONSTANT_CONVERSION = YES;
				CLANG_WARN_DEPRECATED_OBJC_IMPLEMENTATIONS = YES;
				CLANG_WARN_DIRECT_OBJC_ISA_USAGE = YES_ERROR;
				CLANG_WARN_DOCUMENTATION_COMMENTS = YES;
				CLANG_WARN_EMPTY_BODY = YES;
				CLANG_WARN_ENUM_CONVERSION = YES;
				CLANG_WARN_INFINITE_RECURSION = YES;
				CLANG_WARN_INT_CONVERSION = YES;
				CLANG_WARN_NON_LITERAL_NULL_CONVERSION = YES;
				CLANG_WARN_OBJC_IMPLICIT_RETAIN_SELF = YES;
				CLANG_WARN_OBJC_LITERAL_CONVERSION = YES;
				CLANG_WARN_OBJC_ROOT_CLASS = YES_ERROR;
				CLANG_WARN_QUOTED_INCLUDE_IN_FRAMEWORK_HEADER = YES;
				CLANG_WARN_RANGE_LOOP_ANALYSIS = YES;
				CLANG_WARN_STRICT_PROTOTYPES = YES;
				CLANG_WARN_SUSPICIOUS_MOVE = YES;
				CLANG_WARN_UNGUARDED_AVAILABILITY = YES_AGGRESSIVE;
				CLANG_WARN_UNREACHABLE_CODE = YES;
				CLANG_WARN__DUPLICATE_METHOD_MATCH = YES;
				COPY_PHASE_STRIP = NO;
				DEBUG_INFORMATION_FORMAT = dwarf;
				ENABLE_STRICT_OBJC_MSGSEND = YES;
				ENABLE_TESTABILITY = YES;
				GCC_C_LANGUAGE_STANDARD = gnu11;
				GCC_DYNAMIC_NO_PIC = NO;
				GCC_NO_COMMON_BLOCKS = YES;
				GCC_OPTIMIZATION_LEVEL = 0;
				GCC_PREPROCESSOR_DEFINITIONS = (
					"DEBUG=1",
					"$(inherited)",
				);
				GCC_WARN_64_TO_32_BIT_CONVERSION = YES;
				GCC_WARN_ABOUT_RETURN_TYPE = YES_ERROR;
				GCC_WARN_UNDECLARED_SELECTOR = YES;
				GCC_WARN_UNINITIALIZED_AUTOS = YES_AGGRESSIVE;
				GCC_WARN_UNUSED_FUNCTION = YES;
				GCC_WARN_UNUSED_VARIABLE = YES;
				IPHONEOS_DEPLOYMENT_TARGET = 15.2;
				MTL_ENABLE_DEBUG_INFO = INCLUDE_SOURCE;
				MTL_FAST_MATH = YES;
				ONLY_ACTIVE_ARCH = YES;
				SDKROOT = iphoneos;
				SWIFT_ACTIVE_COMPILATION_CONDITIONS = DEBUG;
				SWIFT_OPTIMIZATION_LEVEL = "-Onone";
			};
			name = Debug;
		};
		49C7320027F23A3000CDB50A /* Release */ = {
			isa = XCBuildConfiguration;
			buildSettings = {
				ALWAYS_SEARCH_USER_PATHS = NO;
				CLANG_ANALYZER_NONNULL = YES;
				CLANG_ANALYZER_NUMBER_OBJECT_CONVERSION = YES_AGGRESSIVE;
				CLANG_CXX_LANGUAGE_STANDARD = "gnu++17";
				CLANG_CXX_LIBRARY = "libc++";
				CLANG_ENABLE_MODULES = YES;
				CLANG_ENABLE_OBJC_ARC = YES;
				CLANG_ENABLE_OBJC_WEAK = YES;
				CLANG_WARN_BLOCK_CAPTURE_AUTORELEASING = YES;
				CLANG_WARN_BOOL_CONVERSION = YES;
				CLANG_WARN_COMMA = YES;
				CLANG_WARN_CONSTANT_CONVERSION = YES;
				CLANG_WARN_DEPRECATED_OBJC_IMPLEMENTATIONS = YES;
				CLANG_WARN_DIRECT_OBJC_ISA_USAGE = YES_ERROR;
				CLANG_WARN_DOCUMENTATION_COMMENTS = YES;
				CLANG_WARN_EMPTY_BODY = YES;
				CLANG_WARN_ENUM_CONVERSION = YES;
				CLANG_WARN_INFINITE_RECURSION = YES;
				CLANG_WARN_INT_CONVERSION = YES;
				CLANG_WARN_NON_LITERAL_NULL_CONVERSION = YES;
				CLANG_WARN_OBJC_IMPLICIT_RETAIN_SELF = YES;
				CLANG_WARN_OBJC_LITERAL_CONVERSION = YES;
				CLANG_WARN_OBJC_ROOT_CLASS = YES_ERROR;
				CLANG_WARN_QUOTED_INCLUDE_IN_FRAMEWORK_HEADER = YES;
				CLANG_WARN_RANGE_LOOP_ANALYSIS = YES;
				CLANG_WARN_STRICT_PROTOTYPES = YES;
				CLANG_WARN_SUSPICIOUS_MOVE = YES;
				CLANG_WARN_UNGUARDED_AVAILABILITY = YES_AGGRESSIVE;
				CLANG_WARN_UNREACHABLE_CODE = YES;
				CLANG_WARN__DUPLICATE_METHOD_MATCH = YES;
				COPY_PHASE_STRIP = NO;
				DEBUG_INFORMATION_FORMAT = "dwarf-with-dsym";
				ENABLE_NS_ASSERTIONS = NO;
				ENABLE_STRICT_OBJC_MSGSEND = YES;
				GCC_C_LANGUAGE_STANDARD = gnu11;
				GCC_NO_COMMON_BLOCKS = YES;
				GCC_WARN_64_TO_32_BIT_CONVERSION = YES;
				GCC_WARN_ABOUT_RETURN_TYPE = YES_ERROR;
				GCC_WARN_UNDECLARED_SELECTOR = YES;
				GCC_WARN_UNINITIALIZED_AUTOS = YES_AGGRESSIVE;
				GCC_WARN_UNUSED_FUNCTION = YES;
				GCC_WARN_UNUSED_VARIABLE = YES;
				IPHONEOS_DEPLOYMENT_TARGET = 15.2;
				MTL_ENABLE_DEBUG_INFO = NO;
				MTL_FAST_MATH = YES;
				SDKROOT = iphoneos;
				SWIFT_COMPILATION_MODE = wholemodule;
				SWIFT_OPTIMIZATION_LEVEL = "-O";
				VALIDATE_PRODUCT = YES;
			};
			name = Release;
		};
		49C7320227F23A3000CDB50A /* Debug */ = {
			isa = XCBuildConfiguration;
			buildSettings = {
				ASSETCATALOG_COMPILER_APPICON_NAME = AppIcon;
				ASSETCATALOG_COMPILER_GLOBAL_ACCENT_COLOR_NAME = AccentColor;
				CODE_SIGN_ENTITLEMENTS = iFux/iFux.entitlements;
				CODE_SIGN_STYLE = Automatic;
				CURRENT_PROJECT_VERSION = 1;
				DEVELOPMENT_ASSET_PATHS = "\"iFux/Preview Content\"";
				DEVELOPMENT_TEAM = FK49YDR4UM;
				ENABLE_PREVIEWS = YES;
				GENERATE_INFOPLIST_FILE = YES;
				INFOPLIST_FILE = iFux/Info.plist;
				INFOPLIST_KEY_NSBluetoothAlwaysUsageDescription = "brauch des, mach bidde :) ";
				INFOPLIST_KEY_NSBluetoothPeripheralUsageDescription = "iFux benötigt Bluetooth um sich mit dem fux zu verbinden";
				INFOPLIST_KEY_UIApplicationSceneManifest_Generation = YES;
				INFOPLIST_KEY_UIApplicationSupportsIndirectInputEvents = YES;
				INFOPLIST_KEY_UILaunchScreen_Generation = YES;
				INFOPLIST_KEY_UISupportedInterfaceOrientations = UIInterfaceOrientationPortrait;
				INFOPLIST_KEY_UISupportedInterfaceOrientations_iPad = "UIInterfaceOrientationPortrait UIInterfaceOrientationPortraitUpsideDown UIInterfaceOrientationLandscapeLeft UIInterfaceOrientationLandscapeRight";
				INFOPLIST_KEY_UISupportedInterfaceOrientations_iPhone = "UIInterfaceOrientationPortrait UIInterfaceOrientationLandscapeLeft UIInterfaceOrientationLandscapeRight";
				LD_RUNPATH_SEARCH_PATHS = (
					"$(inherited)",
					"@executable_path/Frameworks",
				);
				MARKETING_VERSION = 1.0;
				PRODUCT_BUNDLE_IDENTIFIER = simonmorgenstern.iFux;
				PRODUCT_NAME = "$(TARGET_NAME)";
				SWIFT_EMIT_LOC_STRINGS = YES;
				SWIFT_VERSION = 5.0;
				TARGETED_DEVICE_FAMILY = 2;
			};
			name = Debug;
		};
		49C7320327F23A3000CDB50A /* Release */ = {
			isa = XCBuildConfiguration;
			buildSettings = {
				ASSETCATALOG_COMPILER_APPICON_NAME = AppIcon;
				ASSETCATALOG_COMPILER_GLOBAL_ACCENT_COLOR_NAME = AccentColor;
				CODE_SIGN_ENTITLEMENTS = iFux/iFux.entitlements;
				CODE_SIGN_STYLE = Automatic;
				CURRENT_PROJECT_VERSION = 1;
				DEVELOPMENT_ASSET_PATHS = "\"iFux/Preview Content\"";
				DEVELOPMENT_TEAM = FK49YDR4UM;
				ENABLE_PREVIEWS = YES;
				GENERATE_INFOPLIST_FILE = YES;
				INFOPLIST_FILE = iFux/Info.plist;
				INFOPLIST_KEY_NSBluetoothAlwaysUsageDescription = "brauch des, mach bidde :) ";
				INFOPLIST_KEY_NSBluetoothPeripheralUsageDescription = "iFux benötigt Bluetooth um sich mit dem fux zu verbinden";
				INFOPLIST_KEY_UIApplicationSceneManifest_Generation = YES;
				INFOPLIST_KEY_UIApplicationSupportsIndirectInputEvents = YES;
				INFOPLIST_KEY_UILaunchScreen_Generation = YES;
				INFOPLIST_KEY_UISupportedInterfaceOrientations = UIInterfaceOrientationPortrait;
				INFOPLIST_KEY_UISupportedInterfaceOrientations_iPad = "UIInterfaceOrientationPortrait UIInterfaceOrientationPortraitUpsideDown UIInterfaceOrientationLandscapeLeft UIInterfaceOrientationLandscapeRight";
				INFOPLIST_KEY_UISupportedInterfaceOrientations_iPhone = "UIInterfaceOrientationPortrait UIInterfaceOrientationLandscapeLeft UIInterfaceOrientationLandscapeRight";
				LD_RUNPATH_SEARCH_PATHS = (
					"$(inherited)",
					"@executable_path/Frameworks",
				);
				MARKETING_VERSION = 1.0;
				PRODUCT_BUNDLE_IDENTIFIER = simonmorgenstern.iFux;
				PRODUCT_NAME = "$(TARGET_NAME)";
				SWIFT_EMIT_LOC_STRINGS = YES;
				SWIFT_VERSION = 5.0;
				TARGETED_DEVICE_FAMILY = 2;
			};
			name = Release;
		};
/* End XCBuildConfiguration section */

/* Begin XCConfigurationList section */
		49C731EE27F23A2E00CDB50A /* Build configuration list for PBXProject "iFux" */ = {
			isa = XCConfigurationList;
			buildConfigurations = (
				49C731FF27F23A3000CDB50A /* Debug */,
				49C7320027F23A3000CDB50A /* Release */,
			);
			defaultConfigurationIsVisible = 0;
			defaultConfigurationName = Release;
		};
		49C7320127F23A3000CDB50A /* Build configuration list for PBXNativeTarget "iFux" */ = {
			isa = XCConfigurationList;
			buildConfigurations = (
				49C7320227F23A3000CDB50A /* Debug */,
				49C7320327F23A3000CDB50A /* Release */,
			);
			defaultConfigurationIsVisible = 0;
			defaultConfigurationName = Release;
		};
/* End XCConfigurationList section */
	};
	rootObject = 49C731EB27F23A2E00CDB50A /* Project object */;
}
